
Microsoft Visual Studio Solution File, Format Version 12.00
# Visual Studio Version 16
VisualStudioVersion = 16.0.31205.134
MinimumVisualStudioVersion = 10.0.40219.1
Project("{8BC9CEB8-8B4A-11D0-8D11-00A0C91BC942}") = "socket_client_vs", "socket_client_vs\socket_client_vs.vcxproj", "{76F98D8C-B68A-4265-94F7-5F1CBC9442E2}"
	ProjectSection(ProjectDependencies) = postProject
		{14F7C0BB-EAF3-44A3-BE29-5AE65C7BDA6E} = {14F7C0BB-EAF3-44A3-BE29-5AE65C7BDA6E}
		{F7D57DDC-8894-4789-B0E5-DF06100ABB41} = {F7D57DDC-8894-4789-B0E5-DF06100ABB41}
	EndProjectSection
EndProject
Project("{8BC9CEB8-8B4A-11D0-8D11-00A0C91BC942}") = "sm_log_lib", "sm_log_lib\sm_log_lib.vcxproj", "{F7D57DDC-8894-4789-B0E5-DF06100ABB41}"
	ProjectSection(ProjectDependencies) = postProject
		{14F7C0BB-EAF3-44A3-BE29-5AE65C7BDA6E} = {14F7C0BB-EAF3-44A3-BE29-5AE65C7BDA6E}
	EndProjectSection
EndProject
Project("{8BC9CEB8-8B4A-11D0-8D11-00A0C91BC942}") = "sstring_lib", "sstring_lib\sstring_lib.vcxproj", "{14F7C0BB-EAF3-44A3-BE29-5AE65C7BDA6E}"
EndProject
Global
	GlobalSection(SolutionConfigurationPlatforms) = preSolution
		Debug|x64 = Debug|x64
		Debug|x86 = Debug|x86
		Release|x64 = Release|x64
		Release|x86 = Release|x86
	EndGlobalSection
	GlobalSection(ProjectConfigurationPlatforms) = postSolution
		{76F98D8C-B68A-4265-94F7-5F1CBC9442E2}.Debug|x64.ActiveCfg = Debug|x64
		{76F98D8C-B68A-4265-94F7-5F1CBC9442E2}.Debug|x64.Build.0 = Debug|x64
		{76F98D8C-B68A-4265-94F7-5F1CBC9442E2}.Debug|x86.ActiveCfg = Debug|Win32
		{76F98D8C-B68A-4265-94F7-5F1CBC9442E2}.Debug|x86.Build.0 = Debug|Win32
		{76F98D8C-B68A-4265-94F7-5F1CBC9442E2}.Release|x64.ActiveCfg = Release|x64
		{76F98D8C-B68A-4265-94F7-5F1CBC9442E2}.Release|x64.Build.0 = Release|x64
		{76F98D8C-B68A-4265-94F7-5F1CBC9442E2}.Release|x86.ActiveCfg = Release|Win32
		{76F98D8C-B68A-4265-94F7-5F1CBC9442E2}.Release|x86.Build.0 = Release|Win32
		{F7D57DDC-8894-4789-B0E5-DF06100ABB41}.Debug|x64.ActiveCfg = Debug|x64
		{F7D57DDC-8894-4789-B0E5-DF06100ABB41}.Debug|x64.Build.0 = Debug|x64
		{F7D57DDC-8894-4789-B0E5-DF06100ABB41}.Debug|x86.ActiveCfg = Debug|Win32
		{F7D57DDC-8894-4789-B0E5-DF06100ABB41}.Debug|x86.Build.0 = Debug|Win32
		{F7D57DDC-8894-4789-B0E5-DF06100ABB41}.Release|x64.ActiveCfg = Release|x64
		{F7D57DDC-8894-4789-B0E5-DF06100ABB41}.Release|x64.Build.0 = Release|x64
		{F7D57DDC-8894-4789-B0E5-DF06100ABB41}.Release|x86.ActiveCfg = Release|Win32
		{F7D57DDC-8894-4789-B0E5-DF06100ABB41}.Release|x86.Build.0 = Release|Win32
		{14F7C0BB-EAF3-44A3-BE29-5AE65C7BDA6E}.Debug|x64.ActiveCfg = Debug|x64
		{14F7C0BB-EAF3-44A3-BE29-5AE65C7BDA6E}.Debug|x64.Build.0 = Debug|x64
		{14F7C0BB-EAF3-44A3-BE29-5AE65C7BDA6E}.Debug|x86.ActiveCfg = Debug|Win32
		{14F7C0BB-EAF3-44A3-BE29-5AE65C7BDA6E}.Debug|x86.Build.0 = Debug|Win32
		{14F7C0BB-EAF3-44A3-BE29-5AE65C7BDA6E}.Release|x64.ActiveCfg = Release|x64
		{14F7C0BB-EAF3-44A3-BE29-5AE65C7BDA6E}.Release|x64.Build.0 = Release|x64
		{14F7C0BB-EAF3-44A3-BE29-5AE65C7BDA6E}.Release|x86.ActiveCfg = Release|Win32
		{14F7C0BB-EAF3-44A3-BE29-5AE65C7BDA6E}.Release|x86.Build.0 = Release|Win32
	EndGlobalSection
	GlobalSection(SolutionProperties) = preSolution
		HideSolutionNode = FALSE
	EndGlobalSection
	GlobalSection(ExtensibilityGlobals) = postSolution
		SolutionGuid = {D1EE063D-54AA-43F5-B96B-099E177F7247}
	EndGlobalSection
EndGlobal
